{
	"name": "@glif/ts-filecoin-number",
	"version": "1.0.0-beta.5",
	"lockfileVersion": 1,
	"requires": true,
	"dependencies": {
		"@babel/polyfill": {
			"version": "7.7.0",
			"resolved": "https://registry.npmjs.org/@babel/polyfill/-/polyfill-7.7.0.tgz",
			"integrity": "sha512-/TS23MVvo34dFmf8mwCisCbWGrfhbiWZSwBo6HkADTBhUa2Q/jWltyY/tpofz/b6/RIhqaqQcquptCirqIhOaQ==",
			"requires": {
				"core-js": "^2.6.5",
				"regenerator-runtime": "^0.13.2"
			}
		},
		"bent": {
			"version": "7.1.0",
			"resolved": "https://registry.npmjs.org/bent/-/bent-7.1.0.tgz",
			"integrity": "sha512-oTkDz8lBsk+HQjJPVeHHejkse/PDaTFwTFVasoR1V3XEQw23KKdfNvRln3M9++qipIBObqVyhsvSGuquFebDvQ==",
			"requires": {
				"bytesish": "^0.4.1",
				"caseless": "~0.12.0",
				"is-stream": "^2.0.0"
			}
		},
		"bignumber.js": {
			"version": "9.0.0",
			"resolved": "https://registry.npmjs.org/bignumber.js/-/bignumber.js-9.0.0.tgz",
			"integrity": "sha512-t/OYhhJ2SD+YGBQcjY8GzzDHEk9f3nerxjtfa6tlMXfe7frs/WozhvCNoGvpM0P3bNf3Gq5ZRMlGr5f3r4/N8A=="
		},
		"bytesish": {
			"version": "0.4.4",
			"resolved": "https://registry.npmjs.org/bytesish/-/bytesish-0.4.4.tgz",
			"integrity": "sha512-i4uu6M4zuMUiyfZN4RU2+i9+peJh//pXhd9x1oSe1LBkZ3LEbCoygu8W0bXTukU1Jme2txKuotpCZRaC3FLxcQ=="
		},
		"caseless": {
			"version": "0.12.0",
			"resolved": "https://registry.npmjs.org/caseless/-/caseless-0.12.0.tgz",
			"integrity": "sha1-G2gcIf+EAzyCZUMJBolCDRhxUdw="
		},
		"core-js": {
			"version": "2.6.11",
			"resolved": "https://registry.npmjs.org/core-js/-/core-js-2.6.11.tgz",
			"integrity": "sha512-5wjnpaT/3dV+XB4borEsnAYQchn00XSgTAWKDkEqv+K8KevjbzmofK6hfJ9TZIlpj2N0xQpazy7PiRQiWHqzWg=="
		},
		"is-stream": {
			"version": "2.0.0",
			"resolved": "https://registry.npmjs.org/is-stream/-/is-stream-2.0.0.tgz",
			"integrity": "sha512-XCoy+WlUr7d1+Z8GgSuXmpuUFC9fOhRXglJMx+dwLKTkL44Cjd4W1Z5P+BQZpr+cR93aGP4S/s7Ftw6Nd/kiEw=="
		},
		"regenerator-runtime": {
			"version": "0.13.7",
			"resolved": "https://registry.npmjs.org/regenerator-runtime/-/regenerator-runtime-0.13.7.tgz",
			"integrity": "sha512-a54FxoJDIr27pgf7IgeQGxmqUNYrcV338lf/6gH456HZ/PhX+5BcwHXG9ajESmwe6WRO0tAzRUrRmNONWgkrew=="
		}
	}
}
